
Microsoft Visual Studio Solution File, Format Version 12.00
# Visual Studio 14
VisualStudioVersion = 14.0.25420.1
MinimumVisualStudioVersion = 10.0.40219.1
Project("{8BC9CEB8-8B4A-11D0-8D11-00A0C91BC942}") = "RenderUtilities", "RenderUtilities\RenderUtilities.vcxproj", "{4AA6FC63-BE9C-4CB5-A1AB-FDC37F3ECBC3}"
EndProject
Project("{8BC9CEB8-8B4A-11D0-8D11-00A0C91BC942}") = "TriangleTest", "TriangleTest\TriangleTest.vcxproj", "{4BF97D8A-90D8-4B37-83D1-369F22F923C5}"
	ProjectSection(ProjectDependencies) = postProject
		{4AA6FC63-BE9C-4CB5-A1AB-FDC37F3ECBC3} = {4AA6FC63-BE9C-4CB5-A1AB-FDC37F3ECBC3}
	EndProjectSection
EndProject
Project("{8BC9CEB8-8B4A-11D0-8D11-00A0C91BC942}") = "CameraTest", "CameraTest\CameraTest.vcxproj", "{31DCEF74-793C-4E93-9718-2E3147F7021A}"
	ProjectSection(ProjectDependencies) = postProject
		{4AA6FC63-BE9C-4CB5-A1AB-FDC37F3ECBC3} = {4AA6FC63-BE9C-4CB5-A1AB-FDC37F3ECBC3}
	EndProjectSection
EndProject
Global
	GlobalSection(SolutionConfigurationPlatforms) = preSolution
		Debug|x64 = Debug|x64
		Debug|x86 = Debug|x86
		Release|x64 = Release|x64
		Release|x86 = Release|x86
	EndGlobalSection
	GlobalSection(ProjectConfigurationPlatforms) = postSolution
		{4AA6FC63-BE9C-4CB5-A1AB-FDC37F3ECBC3}.Debug|x64.ActiveCfg = Debug|x64
		{4AA6FC63-BE9C-4CB5-A1AB-FDC37F3ECBC3}.Debug|x64.Build.0 = Debug|x64
		{4AA6FC63-BE9C-4CB5-A1AB-FDC37F3ECBC3}.Debug|x86.ActiveCfg = Debug|Win32
		{4AA6FC63-BE9C-4CB5-A1AB-FDC37F3ECBC3}.Debug|x86.Build.0 = Debug|Win32
		{4AA6FC63-BE9C-4CB5-A1AB-FDC37F3ECBC3}.Release|x64.ActiveCfg = Release|x64
		{4AA6FC63-BE9C-4CB5-A1AB-FDC37F3ECBC3}.Release|x64.Build.0 = Release|x64
		{4AA6FC63-BE9C-4CB5-A1AB-FDC37F3ECBC3}.Release|x86.ActiveCfg = Release|Win32
		{4AA6FC63-BE9C-4CB5-A1AB-FDC37F3ECBC3}.Release|x86.Build.0 = Release|Win32
		{4BF97D8A-90D8-4B37-83D1-369F22F923C5}.Debug|x64.ActiveCfg = Debug|x64
		{4BF97D8A-90D8-4B37-83D1-369F22F923C5}.Debug|x64.Build.0 = Debug|x64
		{4BF97D8A-90D8-4B37-83D1-369F22F923C5}.Debug|x86.ActiveCfg = Debug|Win32
		{4BF97D8A-90D8-4B37-83D1-369F22F923C5}.Debug|x86.Build.0 = Debug|Win32
		{4BF97D8A-90D8-4B37-83D1-369F22F923C5}.Release|x64.ActiveCfg = Release|x64
		{4BF97D8A-90D8-4B37-83D1-369F22F923C5}.Release|x64.Build.0 = Release|x64
		{4BF97D8A-90D8-4B37-83D1-369F22F923C5}.Release|x86.ActiveCfg = Release|Win32
		{4BF97D8A-90D8-4B37-83D1-369F22F923C5}.Release|x86.Build.0 = Release|Win32
		{31DCEF74-793C-4E93-9718-2E3147F7021A}.Debug|x64.ActiveCfg = Debug|x64
		{31DCEF74-793C-4E93-9718-2E3147F7021A}.Debug|x64.Build.0 = Debug|x64
		{31DCEF74-793C-4E93-9718-2E3147F7021A}.Debug|x86.ActiveCfg = Debug|Win32
		{31DCEF74-793C-4E93-9718-2E3147F7021A}.Debug|x86.Build.0 = Debug|Win32
		{31DCEF74-793C-4E93-9718-2E3147F7021A}.Release|x64.ActiveCfg = Release|x64
		{31DCEF74-793C-4E93-9718-2E3147F7021A}.Release|x64.Build.0 = Release|x64
		{31DCEF74-793C-4E93-9718-2E3147F7021A}.Release|x86.ActiveCfg = Release|Win32
		{31DCEF74-793C-4E93-9718-2E3147F7021A}.Release|x86.Build.0 = Release|Win32
	EndGlobalSection
	GlobalSection(SolutionProperties) = preSolution
		HideSolutionNode = FALSE
	EndGlobalSection
EndGlobal
