<?xml version="1.0" encoding="utf-8"?>
<Project ToolsVersion="4.0" xmlns="http://schemas.microsoft.com/developer/msbuild/2003">
  <ItemGroup>
    <Filter Include="Source Files">
      <UniqueIdentifier>{4FC737F1-C7A5-4376-A066-2A32D752A2FF}</UniqueIdentifier>
      <Extensions>cpp;c;cc;cxx;def;odl;idl;hpj;bat;asm;asmx</Extensions>
    </Filter>
    <Filter Include="Header Files">
      <UniqueIdentifier>{93995380-89BD-4b04-88EB-625FBE52EBFB}</UniqueIdentifier>
      <Extensions>h;hh;hpp;hxx;hm;inl;inc;xsd</Extensions>
    </Filter>
    <Filter Include="Resource Files">
      <UniqueIdentifier>{67DA6AB6-F800-4c08-8B7A-83BB121AAD01}</UniqueIdentifier>
      <Extensions>rc;ico;cur;bmp;dlg;rc2;rct;bin;rgs;gif;jpg;jpeg;jpe;resx;tiff;tif;png;wav;mfcribbon-ms</Extensions>
    </Filter>
    <Filter Include="Header Files\Unclean">
      <UniqueIdentifier>{cd09cbfe-5bda-4170-8cf2-3668ce592fba}</UniqueIdentifier>
    </Filter>
    <Filter Include="Source Files\Unclean">
      <UniqueIdentifier>{e0ecf81b-630a-474d-b229-51efe8f33dbe}</UniqueIdentifier>
    </Filter>
    <Filter Include="Shaders">
      <UniqueIdentifier>{a4e39e6c-4393-4c4f-adca-fb2b4132f880}</UniqueIdentifier>
    </Filter>
  </ItemGroup>
  <ItemGroup>
    <ClCompile Include="window.cpp">
      <Filter>Source Files\Unclean</Filter>
    </ClCompile>
    <ClCompile Include="glmake.cpp">
      <Filter>Source Files</Filter>
    </ClCompile>
    <ClCompile Include="glload.cpp">
      <Filter>Source Files</Filter>
    </ClCompile>
    <ClCompile Include="gldraw.cpp">
      <Filter>Source Files</Filter>
    </ClCompile>
  </ItemGroup>
  <ItemGroup>
    <ClInclude Include="gldecs.h">
      <Filter>Header Files</Filter>
    </ClInclude>
    <ClInclude Include="globjs.h">
      <Filter>Header Files</Filter>
    </ClInclude>
    <ClInclude Include="glmake.h">
      <Filter>Header Files</Filter>
    </ClInclude>
    <ClInclude Include="glload.h">
      <Filter>Header Files</Filter>
    </ClInclude>
    <ClInclude Include="gldraw.h">
      <Filter>Header Files</Filter>
    </ClInclude>
    <ClInclude Include="window.h">
      <Filter>Header Files</Filter>
    </ClInclude>
    <ClInclude Include="crenderutils.h">
      <Filter>Header Files</Filter>
    </ClInclude>
    <ClInclude Include="vertex.h">
      <Filter>Header Files</Filter>
    </ClInclude>
  </ItemGroup>
  <ItemGroup>
    <None Include="..\res\shaders\simple.frag">
      <Filter>Shaders</Filter>
    </None>
    <None Include="..\res\shaders\simple.vert">
      <Filter>Shaders</Filter>
    </None>
  </ItemGroup>
</Project>